
Microsoft Visual Studio Solution File, Format Version 12.00
# Visual Studio 14
VisualStudioVersion = 14.0.25420.1
MinimumVisualStudioVersion = 10.0.40219.1
Project("{FAE04EC0-301F-11D3-BF4B-00C04F79EFBC}") = "ConsoleApplication7", "ConsoleApplication7\ConsoleApplication7.csproj", "{C331378E-D987-4F66-AC15-3F518D6DA61B}"
EndProject
Project("{FAE04EC0-301F-11D3-BF4B-00C04F79EFBC}") = "ConsoleApplication1", "ConsoleApplication1\ConsoleApplication1.csproj", "{ACB325F1-F639-40D6-B353-B32DE6D3A98B}"
EndProject
Project("{FAE04EC0-301F-11D3-BF4B-00C04F79EFBC}") = "ConsoleApplication2", "ConsoleApplication2\ConsoleApplication2.csproj", "{ACA88C0F-2859-4B3B-8439-938974E1494D}"
EndProject
Global
	GlobalSection(SolutionConfigurationPlatforms) = preSolution
		Debug|Any CPU = Debug|Any CPU
		Release|Any CPU = Release|Any CPU
	EndGlobalSection
	GlobalSection(ProjectConfigurationPlatforms) = postSolution
		{C331378E-D987-4F66-AC15-3F518D6DA61B}.Debug|Any CPU.ActiveCfg = Debug|Any CPU
		{C331378E-D987-4F66-AC15-3F518D6DA61B}.Debug|Any CPU.Build.0 = Debug|Any CPU
		{C331378E-D987-4F66-AC15-3F518D6DA61B}.Release|Any CPU.ActiveCfg = Release|Any CPU
		{C331378E-D987-4F66-AC15-3F518D6DA61B}.Release|Any CPU.Build.0 = Release|Any CPU
		{ACB325F1-F639-40D6-B353-B32DE6D3A98B}.Debug|Any CPU.ActiveCfg = Debug|Any CPU
		{ACB325F1-F639-40D6-B353-B32DE6D3A98B}.Debug|Any CPU.Build.0 = Debug|Any CPU
		{ACB325F1-F639-40D6-B353-B32DE6D3A98B}.Release|Any CPU.ActiveCfg = Release|Any CPU
		{ACB325F1-F639-40D6-B353-B32DE6D3A98B}.Release|Any CPU.Build.0 = Release|Any CPU
		{ACA88C0F-2859-4B3B-8439-938974E1494D}.Debug|Any CPU.ActiveCfg = Debug|Any CPU
		{ACA88C0F-2859-4B3B-8439-938974E1494D}.Debug|Any CPU.Build.0 = Debug|Any CPU
		{ACA88C0F-2859-4B3B-8439-938974E1494D}.Release|Any CPU.ActiveCfg = Release|Any CPU
		{ACA88C0F-2859-4B3B-8439-938974E1494D}.Release|Any CPU.Build.0 = Release|Any CPU
	EndGlobalSection
	GlobalSection(SolutionProperties) = preSolution
		HideSolutionNode = FALSE
	EndGlobalSection
EndGlobal
